
Microsoft Visual Studio Solution File, Format Version 12.00
# Visual Studio Version 17
VisualStudioVersion = 17.0.32802.463
MinimumVisualStudioVersion = 10.0.40219.1
Project("{FAE04EC0-301F-11D3-BF4B-00C04F79EFBC}") = "aula4_banco_de_dados", "aula4_banco_de_dados\aula4_banco_de_dados.csproj", "{EA077C4D-3001-401B-9556-BEDC296E3D1C}"
EndProject
Global
	GlobalSection(SolutionConfigurationPlatforms) = preSolution
		Debug|Any CPU = Debug|Any CPU
		Release|Any CPU = Release|Any CPU
	EndGlobalSection
	GlobalSection(ProjectConfigurationPlatforms) = postSolution
		{EA077C4D-3001-401B-9556-BEDC296E3D1C}.Debug|Any CPU.ActiveCfg = Debug|Any CPU
		{EA077C4D-3001-401B-9556-BEDC296E3D1C}.Debug|Any CPU.Build.0 = Debug|Any CPU
		{EA077C4D-3001-401B-9556-BEDC296E3D1C}.Release|Any CPU.ActiveCfg = Release|Any CPU
		{EA077C4D-3001-401B-9556-BEDC296E3D1C}.Release|Any CPU.Build.0 = Release|Any CPU
	EndGlobalSection
	GlobalSection(SolutionProperties) = preSolution
		HideSolutionNode = FALSE
	EndGlobalSection
	GlobalSection(ExtensibilityGlobals) = postSolution
		SolutionGuid = {BD4CD4DD-E5DF-4DBE-908B-500D0DED330C}
	EndGlobalSection
EndGlobal
