
Microsoft Visual Studio Solution File, Format Version 12.00
# Visual Studio Version 17
VisualStudioVersion = 17.0.32802.463
MinimumVisualStudioVersion = 10.0.40219.1
Project("{FAE04EC0-301F-11D3-BF4B-00C04F79EFBC}") = "Exercicio1", "Exercicio1\Exercicio1.csproj", "{14F2FFF2-81A8-4350-8835-48A0030E566B}"
EndProject
Global
	GlobalSection(SolutionConfigurationPlatforms) = preSolution
		Debug|Any CPU = Debug|Any CPU
		Release|Any CPU = Release|Any CPU
	EndGlobalSection
	GlobalSection(ProjectConfigurationPlatforms) = postSolution
		{14F2FFF2-81A8-4350-8835-48A0030E566B}.Debug|Any CPU.ActiveCfg = Debug|Any CPU
		{14F2FFF2-81A8-4350-8835-48A0030E566B}.Debug|Any CPU.Build.0 = Debug|Any CPU
		{14F2FFF2-81A8-4350-8835-48A0030E566B}.Release|Any CPU.ActiveCfg = Release|Any CPU
		{14F2FFF2-81A8-4350-8835-48A0030E566B}.Release|Any CPU.Build.0 = Release|Any CPU
	EndGlobalSection
	GlobalSection(SolutionProperties) = preSolution
		HideSolutionNode = FALSE
	EndGlobalSection
	GlobalSection(ExtensibilityGlobals) = postSolution
		SolutionGuid = {B806684F-0596-4E94-9342-3465B7ACE3C2}
	EndGlobalSection
EndGlobal
