
Microsoft Visual Studio Solution File, Format Version 12.00
# Visual Studio Version 17
VisualStudioVersion = 17.0.32802.463
MinimumVisualStudioVersion = 10.0.40219.1
Project("{FAE04EC0-301F-11D3-BF4B-00C04F79EFBC}") = "WAppAula8", "WAppAula8\WAppAula8.csproj", "{464E9FDB-CFA7-4706-B6F4-FF0C13225F0E}"
EndProject
Global
	GlobalSection(SolutionConfigurationPlatforms) = preSolution
		Debug|Any CPU = Debug|Any CPU
		Release|Any CPU = Release|Any CPU
	EndGlobalSection
	GlobalSection(ProjectConfigurationPlatforms) = postSolution
		{464E9FDB-CFA7-4706-B6F4-FF0C13225F0E}.Debug|Any CPU.ActiveCfg = Debug|Any CPU
		{464E9FDB-CFA7-4706-B6F4-FF0C13225F0E}.Debug|Any CPU.Build.0 = Debug|Any CPU
		{464E9FDB-CFA7-4706-B6F4-FF0C13225F0E}.Release|Any CPU.ActiveCfg = Release|Any CPU
		{464E9FDB-CFA7-4706-B6F4-FF0C13225F0E}.Release|Any CPU.Build.0 = Release|Any CPU
	EndGlobalSection
	GlobalSection(SolutionProperties) = preSolution
		HideSolutionNode = FALSE
	EndGlobalSection
	GlobalSection(ExtensibilityGlobals) = postSolution
		SolutionGuid = {4DF0CBBF-06D4-4947-B2CF-23D0A17434A8}
	EndGlobalSection
EndGlobal
