
Microsoft Visual Studio Solution File, Format Version 12.00
# Visual Studio Version 17
VisualStudioVersion = 17.7.34024.191
MinimumVisualStudioVersion = 10.0.40219.1
Project("{FAE04EC0-301F-11D3-BF4B-00C04F79EFBC}") = "Projeto-Interdisciplinar-III", "Projeto-Interdisciplinar-III.csproj", "{018D010E-8F5D-4C24-B3C9-5841540D2340}"
EndProject
Global
	GlobalSection(SolutionConfigurationPlatforms) = preSolution
		Debug|Any CPU = Debug|Any CPU
		Release|Any CPU = Release|Any CPU
	EndGlobalSection
	GlobalSection(ProjectConfigurationPlatforms) = postSolution
		{018D010E-8F5D-4C24-B3C9-5841540D2340}.Debug|Any CPU.ActiveCfg = Debug|Any CPU
		{018D010E-8F5D-4C24-B3C9-5841540D2340}.Debug|Any CPU.Build.0 = Debug|Any CPU
		{018D010E-8F5D-4C24-B3C9-5841540D2340}.Release|Any CPU.ActiveCfg = Release|Any CPU
		{018D010E-8F5D-4C24-B3C9-5841540D2340}.Release|Any CPU.Build.0 = Release|Any CPU
	EndGlobalSection
	GlobalSection(SolutionProperties) = preSolution
		HideSolutionNode = FALSE
	EndGlobalSection
	GlobalSection(ExtensibilityGlobals) = postSolution
		SolutionGuid = {3DCAEF2F-7D89-4BC4-9BA7-DBB83BF1EF24}
	EndGlobalSection
EndGlobal
